
Microsoft Visual Studio Solution File, Format Version 12.00
# Visual Studio Version 17
VisualStudioVersion = 17.0.32126.317
MinimumVisualStudioVersion = 10.0.40219.1
Project("{9A19103F-16F7-4668-BE54-9A1E7A4F7556}") = "FrontBack", "FrontBack\FrontBack.csproj", "{7CD61A5B-5BD9-4122-8BD7-DAF17011871D}"
EndProject
Global
	GlobalSection(SolutionConfigurationPlatforms) = preSolution
		Debug|Any CPU = Debug|Any CPU
		Release|Any CPU = Release|Any CPU
	EndGlobalSection
	GlobalSection(ProjectConfigurationPlatforms) = postSolution
		{7CD61A5B-5BD9-4122-8BD7-DAF17011871D}.Debug|Any CPU.ActiveCfg = Debug|Any CPU
		{7CD61A5B-5BD9-4122-8BD7-DAF17011871D}.Debug|Any CPU.Build.0 = Debug|Any CPU
		{7CD61A5B-5BD9-4122-8BD7-DAF17011871D}.Release|Any CPU.ActiveCfg = Release|Any CPU
		{7CD61A5B-5BD9-4122-8BD7-DAF17011871D}.Release|Any CPU.Build.0 = Release|Any CPU
	EndGlobalSection
	GlobalSection(SolutionProperties) = preSolution
		HideSolutionNode = FALSE
	EndGlobalSection
	GlobalSection(ExtensibilityGlobals) = postSolution
		SolutionGuid = {5C18B827-E309-46C0-963C-69BE067EE1B7}
	EndGlobalSection
EndGlobal
